PODS:
  - Capacitor (3.6.0):
    - CapacitorCordova
  - CapacitorApp (1.1.1):
    - Capacitor
  - CapacitorCordova (3.6.0)
  - CapacitorGeolocation (1.3.1):
    - Capacitor
  - CapacitorHaptics (1.1.4):
    - Capacitor
  - CapacitorKeyboard (1.2.3):
    - Capacitor
  - CapacitorStatusBar (1.0.8):
    - Capacitor
  - CordovaPlugins (3.6.0):
    - CapacitorCordova

DEPENDENCIES:
  - "Capacitor (from `../../node_modules/@capacitor/ios`)"
  - "CapacitorApp (from `../../node_modules/@capacitor/app`)"
  - "CapacitorCordova (from `../../node_modules/@capacitor/ios`)"
  - "CapacitorGeolocation (from `../../node_modules/@capacitor/geolocation`)"
  - "CapacitorHaptics (from `../../node_modules/@capacitor/haptics`)"
  - "CapacitorKeyboard (from `../../node_modules/@capacitor/keyboard`)"
  - "CapacitorStatusBar (from `../../node_modules/@capacitor/status-bar`)"
  - CordovaPlugins (from `../capacitor-cordova-ios-plugins`)

EXTERNAL SOURCES:
  Capacitor:
    :path: "../../node_modules/@capacitor/ios"
  CapacitorApp:
    :path: "../../node_modules/@capacitor/app"
  CapacitorCordova:
    :path: "../../node_modules/@capacitor/ios"
  CapacitorGeolocation:
    :path: "../../node_modules/@capacitor/geolocation"
  CapacitorHaptics:
    :path: "../../node_modules/@capacitor/haptics"
  CapacitorKeyboard:
    :path: "../../node_modules/@capacitor/keyboard"
  CapacitorStatusBar:
    :path: "../../node_modules/@capacitor/status-bar"
  CordovaPlugins:
    :path: "../capacitor-cordova-ios-plugins"

SPEC CHECKSUMS:
  Capacitor: 838de9244464702bc67e3d47e81c471b79500059
  CapacitorApp: 62db023a834f87bd8e1a1520ef58ab3bb9737fd9
  CapacitorCordova: d4a821a58b9b14452b05c583b0e52379e45810e5
  CapacitorGeolocation: b740e8f29a2b64283d37252408cf522a237787b4
  CapacitorHaptics: 16228dbf7687e1b956c62b299faa78a3a801cff7
  CapacitorKeyboard: 555b3421a0bc75cd378a4bd0a8f1f35687a22e47
  CapacitorStatusBar: 60760a8b549e0e74b6d60cda1125f238c6e5a637
  CordovaPlugins: eb58b80e509856ed73dcf34c1b6018308a1fe1f4

PODFILE CHECKSUM: 3d4cfd6c78848770a7507603dc4f246c4d97e135

COCOAPODS: 1.16.2
